// !$*UTF8*$!
{
	archiveVersion = 1;
	classes = {
	};
	objectVersion = 56;
	objects = {

/* Begin PBXBuildFile section */
		138D1EC114FA025AF2324983 /* Pods_Color_Deck_Color_DeckUITests.framework in Frameworks */ = {isa = PBXBuildFile; fileRef = 48870BDB86716A550DD1DAAF /* Pods_Color_Deck_Color_DeckUITests.framework */; };
		74CAB4485C5D8A76E6E8134C /* Pods_Color_Deck.framework in Frameworks */ = {isa = PBXBuildFile; fileRef = 0B93164BE1ADFB293C3316DB /* Pods_Color_Deck.framework */; };
		DB1ECD9430E91BA123DB851A /* Pods_Color_DeckTests.framework in Frameworks */ = {isa = PBXBuildFile; fileRef = 17A381F05D9D273B1493A4BB /* Pods_Color_DeckTests.framework */; };
		DE0F62672915A6C3004E45DF /* AppDelegate.swift in Sources */ = {isa = PBXBuildFile; fileRef = DE0F62662915A6C3004E45DF /* AppDelegate.swift */; };
		DE0F62692915A6C3004E45DF /* SceneDelegate.swift in Sources */ = {isa = PBXBuildFile; fileRef = DE0F62682915A6C3004E45DF /* SceneDelegate.swift */; };
		DE0F626B2915A6C3004E45DF /* ColorDeckViewController.swift in Sources */ = {isa = PBXBuildFile; fileRef = DE0F626A2915A6C3004E45DF /* ColorDeckViewController.swift */; };
		DE0F626E2915A6C3004E45DF /* Main.storyboard in Resources */ = {isa = PBXBuildFile; fileRef = DE0F626C2915A6C3004E45DF /* Main.storyboard */; };
		DE0F62702915A6C4004E45DF /* Assets.xcassets in Resources */ = {isa = PBXBuildFile; fileRef = DE0F626F2915A6C4004E45DF /* Assets.xcassets */; };
		DE0F62732915A6C4004E45DF /* LaunchScreen.storyboard in Resources */ = {isa = PBXBuildFile; fileRef = DE0F62712915A6C4004E45DF /* LaunchScreen.storyboard */; };
		DE0F627E2915A6C4004E45DF /* Color_DeckTests.swift in Sources */ = {isa = PBXBuildFile; fileRef = DE0F627D2915A6C4004E45DF /* Color_DeckTests.swift */; };
		DE0F62882915A6C4004E45DF /* Color_DeckUITests.swift in Sources */ = {isa = PBXBuildFile; fileRef = DE0F62872915A6C4004E45DF /* Color_DeckUITests.swift */; };
		DE0F628A2915A6C4004E45DF /* Color_DeckUITestsLaunchTests.swift in Sources */ = {isa = PBXBuildFile; fileRef = DE0F62892915A6C4004E45DF /* Color_DeckUITestsLaunchTests.swift */; };
		DE0F629C2915B1D6004E45DF /* AppExtensions.swift in Sources */ = {isa = PBXBuildFile; fileRef = DE0F629B2915B1D6004E45DF /* AppExtensions.swift */; };
		DE5932A12AB8A3AF00156066 /* SettingsViewController.swift in Sources */ = {isa = PBXBuildFile; fileRef = DE5932A02AB8A3AF00156066 /* SettingsViewController.swift */; };
		DE6359162AA4F3F500A6E997 /* HistoryViewController.swift in Sources */ = {isa = PBXBuildFile; fileRef = DE6359152AA4F3F500A6E997 /* HistoryViewController.swift */; };
		DE6359192AA4F68D00A6E997 /* HistoryTableViewCell.swift in Sources */ = {isa = PBXBuildFile; fileRef = DE6359172AA4F68D00A6E997 /* HistoryTableViewCell.swift */; };
		DE63591A2AA4F68D00A6E997 /* HistoryTableViewCell.xib in Resources */ = {isa = PBXBuildFile; fileRef = DE6359182AA4F68D00A6E997 /* HistoryTableViewCell.xib */; };
		DE88E97C2AA1432B0097C69F /* LaunchScreenIcon.png in Resources */ = {isa = PBXBuildFile; fileRef = DE88E97B2AA1432B0097C69F /* LaunchScreenIcon.png */; };
		DE9467EB291A16AD005DBA32 /* FavouriteColorViewController.swift in Sources */ = {isa = PBXBuildFile; fileRef = DE9467EA291A16AD005DBA32 /* FavouriteColorViewController.swift */; };
		DE9467EE291A1CAB005DBA32 /* FavouriteColorCollectionViewCell.swift in Sources */ = {isa = PBXBuildFile; fileRef = DE9467EC291A1CAB005DBA32 /* FavouriteColorCollectionViewCell.swift */; };
		DE9467EF291A1CAB005DBA32 /* FavouriteColorCollectionViewCell.xib in Resources */ = {isa = PBXBuildFile; fileRef = DE9467ED291A1CAB005DBA32 /* FavouriteColorCollectionViewCell.xib */; };
		DED425C52A9EE0E500243A77 /* SwipeView.swift in Sources */ = {isa = PBXBuildFile; fileRef = DED425C42A9EE0E500243A77 /* SwipeView.swift */; };
		DED425C72A9F0FAB00243A77 /* Favorites.swift in Sources */ = {isa = PBXBuildFile; fileRef = DED425C62A9F0FAB00243A77 /* Favorites.swift */; };
		DED425CA2A9F11D400243A77 /* FavoritesRealm.swift in Sources */ = {isa = PBXBuildFile; fileRef = DED425C92A9F11D400243A77 /* FavoritesRealm.swift */; };
		DED425CC2A9F121D00243A77 /* Constants.swift in Sources */ = {isa = PBXBuildFile; fileRef = DED425CB2A9F121D00243A77 /* Constants.swift */; };
		DED425CE2A9F19D100243A77 /* FavoritesViewModel.swift in Sources */ = {isa = PBXBuildFile; fileRef = DED425CD2A9F19D100243A77 /* FavoritesViewModel.swift */; };
		DED765D22AAC3CB800F86F9D /* HistoryViewModel.swift in Sources */ = {isa = PBXBuildFile; fileRef = DED765D12AAC3CB800F86F9D /* HistoryViewModel.swift */; };
		DEDCA9D72AA11FB40045AC81 /* Montserrat-Regular.ttf in Resources */ = {isa = PBXBuildFile; fileRef = DEDCA9D62AA11FB40045AC81 /* Montserrat-Regular.ttf */; };
		DEDCA9D92AA11FC30045AC81 /* Montserrat-SemiBold.ttf in Resources */ = {isa = PBXBuildFile; fileRef = DEDCA9D82AA11FC30045AC81 /* Montserrat-SemiBold.ttf */; };
		DEDCA9DB2AA11FD10045AC81 /* Montserrat-Bold.ttf in Resources */ = {isa = PBXBuildFile; fileRef = DEDCA9DA2AA11FD10045AC81 /* Montserrat-Bold.ttf */; };
		DEDCA9DD2AA11FDC0045AC81 /* Montserrat-ExtraBold.ttf in Resources */ = {isa = PBXBuildFile; fileRef = DEDCA9DC2AA11FDC0045AC81 /* Montserrat-ExtraBold.ttf */; };
		DEDCA9DF2AA11FE90045AC81 /* Montserrat-Black.ttf in Resources */ = {isa = PBXBuildFile; fileRef = DEDCA9DE2AA11FE90045AC81 /* Montserrat-Black.ttf */; };
		DEE0EFAC2AC0678C000F71D1 /* SettingsTableViewCell.swift in Sources */ = {isa = PBXBuildFile; fileRef = DEE0EFAA2AC0678C000F71D1 /* SettingsTableViewCell.swift */; };
		DEE0EFAD2AC0678C000F71D1 /* SettingsTableViewCell.xib in Resources */ = {isa = PBXBuildFile; fileRef = DEE0EFAB2AC0678C000F71D1 /* SettingsTableViewCell.xib */; };
		DEE0EFAF2AC08238000F71D1 /* SettingsViewModel.swift in Sources */ = {isa = PBXBuildFile; fileRef = DEE0EFAE2AC08238000F71D1 /* SettingsViewModel.swift */; };
/* End PBXBuildFile section */

/* Begin PBXContainerItemProxy section */
		DE0F627A2915A6C4004E45DF /* PBXContainerItemProxy */ = {
			isa = PBXContainerItemProxy;
			containerPortal = DE0F625B2915A6C3004E45DF /* Project object */;
			proxyType = 1;
			remoteGlobalIDString = DE0F62622915A6C3004E45DF;
			remoteInfo = "Color Deck";
		};
		DE0F62842915A6C4004E45DF /* PBXContainerItemProxy */ = {
			isa = PBXContainerItemProxy;
			containerPortal = DE0F625B2915A6C3004E45DF /* Project object */;
			proxyType = 1;
			remoteGlobalIDString = DE0F62622915A6C3004E45DF;
			remoteInfo = "Color Deck";
		};
/* End PBXContainerItemProxy section */

/* Begin PBXFileReference section */
		0B93164BE1ADFB293C3316DB /* Pods_Color_Deck.framework */ = {isa = PBXFileReference; explicitFileType = wrapper.framework; includeInIndex = 0; path = Pods_Color_Deck.framework; sourceTree = BUILT_PRODUCTS_DIR; };
		16ABE63B706A442AC975B499 /* Pods-Color Deck.debug.xcconfig */ = {isa = PBXFileReference; includeInIndex = 1; lastKnownFileType = text.xcconfig; name = "Pods-Color Deck.debug.xcconfig"; path = "Target Support Files/Pods-Color Deck/Pods-Color Deck.debug.xcconfig"; sourceTree = "<group>"; };
		17A381F05D9D273B1493A4BB /* Pods_Color_DeckTests.framework */ = {isa = PBXFileReference; explicitFileType = wrapper.framework; includeInIndex = 0; path = Pods_Color_DeckTests.framework; sourceTree = BUILT_PRODUCTS_DIR; };
		48870BDB86716A550DD1DAAF /* Pods_Color_Deck_Color_DeckUITests.framework */ = {isa = PBXFileReference; explicitFileType = wrapper.framework; includeInIndex = 0; path = Pods_Color_Deck_Color_DeckUITests.framework; sourceTree = BUILT_PRODUCTS_DIR; };
		63F3210927B87369C2B4F5BA /* Pods-Color DeckTests.debug.xcconfig */ = {isa = PBXFileReference; includeInIndex = 1; lastKnownFileType = text.xcconfig; name = "Pods-Color DeckTests.debug.xcconfig"; path = "Target Support Files/Pods-Color DeckTests/Pods-Color DeckTests.debug.xcconfig"; sourceTree = "<group>"; };
		79C1428AE1F8C923C15E172D /* Pods-Color Deck-Color DeckUITests.debug.xcconfig */ = {isa = PBXFileReference; includeInIndex = 1; lastKnownFileType = text.xcconfig; name = "Pods-Color Deck-Color DeckUITests.debug.xcconfig"; path = "Target Support Files/Pods-Color Deck-Color DeckUITests/Pods-Color Deck-Color DeckUITests.debug.xcconfig"; sourceTree = "<group>"; };
		A0954A47928D650A53C5BEC0 /* Pods-Color DeckTests.release.xcconfig */ = {isa = PBXFileReference; includeInIndex = 1; lastKnownFileType = text.xcconfig; name = "Pods-Color DeckTests.release.xcconfig"; path = "Target Support Files/Pods-Color DeckTests/Pods-Color DeckTests.release.xcconfig"; sourceTree = "<group>"; };
		D62FEEB35C60E0033ACBEFA4 /* Pods-Color Deck-Color DeckUITests.release.xcconfig */ = {isa = PBXFileReference; includeInIndex = 1; lastKnownFileType = text.xcconfig; name = "Pods-Color Deck-Color DeckUITests.release.xcconfig"; path = "Target Support Files/Pods-Color Deck-Color DeckUITests/Pods-Color Deck-Color DeckUITests.release.xcconfig"; sourceTree = "<group>"; };
		DE0F62632915A6C3004E45DF /* Color Deck.app */ = {isa = PBXFileReference; explicitFileType = wrapper.application; includeInIndex = 0; path = "Color Deck.app"; sourceTree = BUILT_PRODUCTS_DIR; };
		DE0F62662915A6C3004E45DF /* AppDelegate.swift */ = {isa = PBXFileReference; lastKnownFileType = sourcecode.swift; path = AppDelegate.swift; sourceTree = "<group>"; };
		DE0F62682915A6C3004E45DF /* SceneDelegate.swift */ = {isa = PBXFileReference; lastKnownFileType = sourcecode.swift; path = SceneDelegate.swift; sourceTree = "<group>"; };
		DE0F626A2915A6C3004E45DF /* ColorDeckViewController.swift */ = {isa = PBXFileReference; lastKnownFileType = sourcecode.swift; path = ColorDeckViewController.swift; sourceTree = "<group>"; };
		DE0F626D2915A6C3004E45DF /* Base */ = {isa = PBXFileReference; lastKnownFileType = file.storyboard; name = Base; path = Base.lproj/Main.storyboard; sourceTree = "<group>"; };
		DE0F626F2915A6C4004E45DF /* Assets.xcassets */ = {isa = PBXFileReference; lastKnownFileType = folder.assetcatalog; path = Assets.xcassets; sourceTree = "<group>"; };
		DE0F62722915A6C4004E45DF /* Base */ = {isa = PBXFileReference; lastKnownFileType = file.storyboard; name = Base; path = Base.lproj/LaunchScreen.storyboard; sourceTree = "<group>"; };
		DE0F62742915A6C4004E45DF /* Info.plist */ = {isa = PBXFileReference; lastKnownFileType = text.plist.xml; path = Info.plist; sourceTree = "<group>"; };
		DE0F62792915A6C4004E45DF /* Color DeckTests.xctest */ = {isa = PBXFileReference; explicitFileType = wrapper.cfbundle; includeInIndex = 0; path = "Color DeckTests.xctest"; sourceTree = BUILT_PRODUCTS_DIR; };
		DE0F627D2915A6C4004E45DF /* Color_DeckTests.swift */ = {isa = PBXFileReference; lastKnownFileType = sourcecode.swift; path = Color_DeckTests.swift; sourceTree = "<group>"; };
		DE0F62832915A6C4004E45DF /* Color DeckUITests.xctest */ = {isa = PBXFileReference; explicitFileType = wrapper.cfbundle; includeInIndex = 0; path = "Color DeckUITests.xctest"; sourceTree = BUILT_PRODUCTS_DIR; };
		DE0F62872915A6C4004E45DF /* Color_DeckUITests.swift */ = {isa = PBXFileReference; lastKnownFileType = sourcecode.swift; path = Color_DeckUITests.swift; sourceTree = "<group>"; };
		DE0F62892915A6C4004E45DF /* Color_DeckUITestsLaunchTests.swift */ = {isa = PBXFileReference; lastKnownFileType = sourcecode.swift; path = Color_DeckUITestsLaunchTests.swift; sourceTree = "<group>"; };
		DE0F629B2915B1D6004E45DF /* AppExtensions.swift */ = {isa = PBXFileReference; lastKnownFileType = sourcecode.swift; path = AppExtensions.swift; sourceTree = "<group>"; };
		DE5932A02AB8A3AF00156066 /* SettingsViewController.swift */ = {isa = PBXFileReference; lastKnownFileType = sourcecode.swift; path = SettingsViewController.swift; sourceTree = "<group>"; };
		DE6359152AA4F3F500A6E997 /* HistoryViewController.swift */ = {isa = PBXFileReference; lastKnownFileType = sourcecode.swift; path = HistoryViewController.swift; sourceTree = "<group>"; };
		DE6359172AA4F68D00A6E997 /* HistoryTableViewCell.swift */ = {isa = PBXFileReference; lastKnownFileType = sourcecode.swift; path = HistoryTableViewCell.swift; sourceTree = "<group>"; };
		DE6359182AA4F68D00A6E997 /* HistoryTableViewCell.xib */ = {isa = PBXFileReference; lastKnownFileType = file.xib; path = HistoryTableViewCell.xib; sourceTree = "<group>"; };
		DE88E97B2AA1432B0097C69F /* LaunchScreenIcon.png */ = {isa = PBXFileReference; lastKnownFileType = image.png; path = LaunchScreenIcon.png; sourceTree = "<group>"; };
		DE9467EA291A16AD005DBA32 /* FavouriteColorViewController.swift */ = {isa = PBXFileReference; lastKnownFileType = sourcecode.swift; path = FavouriteColorViewController.swift; sourceTree = "<group>"; };
		DE9467EC291A1CAB005DBA32 /* FavouriteColorCollectionViewCell.swift */ = {isa = PBXFileReference; lastKnownFileType = sourcecode.swift; path = FavouriteColorCollectionViewCell.swift; sourceTree = "<group>"; };
		DE9467ED291A1CAB005DBA32 /* FavouriteColorCollectionViewCell.xib */ = {isa = PBXFileReference; lastKnownFileType = file.xib; path = FavouriteColorCollectionViewCell.xib; sourceTree = "<group>"; };
		DED425C42A9EE0E500243A77 /* SwipeView.swift */ = {isa = PBXFileReference; lastKnownFileType = sourcecode.swift; path = SwipeView.swift; sourceTree = "<group>"; };
		DED425C62A9F0FAB00243A77 /* Favorites.swift */ = {isa = PBXFileReference; lastKnownFileType = sourcecode.swift; name = Favorites.swift; path = "Color Deck/Model/Favorites.swift"; sourceTree = SOURCE_ROOT; };
		DED425C92A9F11D400243A77 /* FavoritesRealm.swift */ = {isa = PBXFileReference; lastKnownFileType = sourcecode.swift; path = FavoritesRealm.swift; sourceTree = "<group>"; };
		DED425CB2A9F121D00243A77 /* Constants.swift */ = {isa = PBXFileReference; lastKnownFileType = sourcecode.swift; path = Constants.swift; sourceTree = "<group>"; };
		DED425CD2A9F19D100243A77 /* FavoritesViewModel.swift */ = {isa = PBXFileReference; lastKnownFileType = sourcecode.swift; name = FavoritesViewModel.swift; path = "Color Deck/ViewModel/FavoritesViewModel.swift"; sourceTree = SOURCE_ROOT; };
		DED765D12AAC3CB800F86F9D /* HistoryViewModel.swift */ = {isa = PBXFileReference; lastKnownFileType = sourcecode.swift; path = HistoryViewModel.swift; sourceTree = "<group>"; };
		DEDCA9D62AA11FB40045AC81 /* Montserrat-Regular.ttf */ = {isa = PBXFileReference; lastKnownFileType = file; path = "Montserrat-Regular.ttf"; sourceTree = "<group>"; };
		DEDCA9D82AA11FC30045AC81 /* Montserrat-SemiBold.ttf */ = {isa = PBXFileReference; lastKnownFileType = file; path = "Montserrat-SemiBold.ttf"; sourceTree = "<group>"; };
		DEDCA9DA2AA11FD10045AC81 /* Montserrat-Bold.ttf */ = {isa = PBXFileReference; lastKnownFileType = file; path = "Montserrat-Bold.ttf"; sourceTree = "<group>"; };
		DEDCA9DC2AA11FDC0045AC81 /* Montserrat-ExtraBold.ttf */ = {isa = PBXFileReference; lastKnownFileType = file; path = "Montserrat-ExtraBold.ttf"; sourceTree = "<group>"; };
		DEDCA9DE2AA11FE90045AC81 /* Montserrat-Black.ttf */ = {isa = PBXFileReference; lastKnownFileType = file; path = "Montserrat-Black.ttf"; sourceTree = "<group>"; };
		DEE0EFAA2AC0678C000F71D1 /* SettingsTableViewCell.swift */ = {isa = PBXFileReference; lastKnownFileType = sourcecode.swift; path = SettingsTableViewCell.swift; sourceTree = "<group>"; };
		DEE0EFAB2AC0678C000F71D1 /* SettingsTableViewCell.xib */ = {isa = PBXFileReference; lastKnownFileType = file.xib; path = SettingsTableViewCell.xib; sourceTree = "<group>"; };
		DEE0EFAE2AC08238000F71D1 /* SettingsViewModel.swift */ = {isa = PBXFileReference; lastKnownFileType = sourcecode.swift; path = SettingsViewModel.swift; sourceTree = "<group>"; };
		ED3C15FA2070572B286EC743 /* Pods-Color Deck.release.xcconfig */ = {isa = PBXFileReference; includeInIndex = 1; lastKnownFileType = text.xcconfig; name = "Pods-Color Deck.release.xcconfig"; path = "Target Support Files/Pods-Color Deck/Pods-Color Deck.release.xcconfig"; sourceTree = "<group>"; };
/* End PBXFileReference section */

/* Begin PBXFrameworksBuildPhase section */
		DE0F62602915A6C3004E45DF /* Frameworks */ = {
			isa = PBXFrameworksBuildPhase;
			buildActionMask = 2147483647;
			files = (
				74CAB4485C5D8A76E6E8134C /* Pods_Color_Deck.framework in Frameworks */,
			);
			runOnlyForDeploymentPostprocessing = 0;
		};
		DE0F62762915A6C4004E45DF /* Frameworks */ = {
			isa = PBXFrameworksBuildPhase;
			buildActionMask = 2147483647;
			files = (
				DB1ECD9430E91BA123DB851A /* Pods_Color_DeckTests.framework in Frameworks */,
			);
			runOnlyForDeploymentPostprocessing = 0;
		};
		DE0F62802915A6C4004E45DF /* Frameworks */ = {
			isa = PBXFrameworksBuildPhase;
			buildActionMask = 2147483647;
			files = (
				138D1EC114FA025AF2324983 /* Pods_Color_Deck_Color_DeckUITests.framework in Frameworks */,
			);
			runOnlyForDeploymentPostprocessing = 0;
		};
/* End PBXFrameworksBuildPhase section */

/* Begin PBXGroup section */
		5C620A2B54A123619F33E4FB /* Pods */ = {
			isa = PBXGroup;
			children = (
				16ABE63B706A442AC975B499 /* Pods-Color Deck.debug.xcconfig */,
				ED3C15FA2070572B286EC743 /* Pods-Color Deck.release.xcconfig */,
				79C1428AE1F8C923C15E172D /* Pods-Color Deck-Color DeckUITests.debug.xcconfig */,
				D62FEEB35C60E0033ACBEFA4 /* Pods-Color Deck-Color DeckUITests.release.xcconfig */,
				63F3210927B87369C2B4F5BA /* Pods-Color DeckTests.debug.xcconfig */,
				A0954A47928D650A53C5BEC0 /* Pods-Color DeckTests.release.xcconfig */,
			);
			path = Pods;
			sourceTree = "<group>";
		};
		9F05E7455B54F4ED66BE3EB9 /* Frameworks */ = {
			isa = PBXGroup;
			children = (
				0B93164BE1ADFB293C3316DB /* Pods_Color_Deck.framework */,
				48870BDB86716A550DD1DAAF /* Pods_Color_Deck_Color_DeckUITests.framework */,
				17A381F05D9D273B1493A4BB /* Pods_Color_DeckTests.framework */,
			);
			name = Frameworks;
			sourceTree = "<group>";
		};
		DE0F625A2915A6C3004E45DF = {
			isa = PBXGroup;
			children = (
				DE0F62652915A6C3004E45DF /* Color Deck */,
				DE88E97B2AA1432B0097C69F /* LaunchScreenIcon.png */,
				DE0F627C2915A6C4004E45DF /* Color DeckTests */,
				DE0F62862915A6C4004E45DF /* Color DeckUITests */,
				DE0F62642915A6C3004E45DF /* Products */,
				5C620A2B54A123619F33E4FB /* Pods */,
				9F05E7455B54F4ED66BE3EB9 /* Frameworks */,
			);
			sourceTree = "<group>";
		};
		DE0F62642915A6C3004E45DF /* Products */ = {
			isa = PBXGroup;
			children = (
				DE0F62632915A6C3004E45DF /* Color Deck.app */,
				DE0F62792915A6C4004E45DF /* Color DeckTests.xctest */,
				DE0F62832915A6C4004E45DF /* Color DeckUITests.xctest */,
			);
			name = Products;
			sourceTree = "<group>";
		};
		DE0F62652915A6C3004E45DF /* Color Deck */ = {
			isa = PBXGroup;
			children = (
				DE0F62962915B0BD004E45DF /* General */,
				DE6359132AA4F21400A6E997 /* Model */,
				DE3BC8712A9E6718006F1036 /* View */,
				DE6359142AA4F22200A6E997 /* ViewModel */,
				DE0F62972915B0CC004E45DF /* Controllers */,
				DED425C82A9F118B00243A77 /* Realm */,
				DE0F62992915B0EB004E45DF /* Resources */,
				DE9467F0291A3D31005DBA32 /* Utils */,
				DE0F62742915A6C4004E45DF /* Info.plist */,
			);
			path = "Color Deck";
			sourceTree = "<group>";
		};
		DE0F627C2915A6C4004E45DF /* Color DeckTests */ = {
			isa = PBXGroup;
			children = (
				DE0F627D2915A6C4004E45DF /* Color_DeckTests.swift */,
			);
			path = "Color DeckTests";
			sourceTree = "<group>";
		};
		DE0F62862915A6C4004E45DF /* Color DeckUITests */ = {
			isa = PBXGroup;
			children = (
				DE0F62872915A6C4004E45DF /* Color_DeckUITests.swift */,
				DE0F62892915A6C4004E45DF /* Color_DeckUITestsLaunchTests.swift */,
			);
			path = "Color DeckUITests";
			sourceTree = "<group>";
		};
		DE0F62962915B0BD004E45DF /* General */ = {
			isa = PBXGroup;
			children = (
				DE0F62662915A6C3004E45DF /* AppDelegate.swift */,
				DE0F62682915A6C3004E45DF /* SceneDelegate.swift */,
			);
			path = General;
			sourceTree = "<group>";
		};
		DE0F62972915B0CC004E45DF /* Controllers */ = {
			isa = PBXGroup;
			children = (
				DE0F626A2915A6C3004E45DF /* ColorDeckViewController.swift */,
				DE9467EA291A16AD005DBA32 /* FavouriteColorViewController.swift */,
				DE6359152AA4F3F500A6E997 /* HistoryViewController.swift */,
				DE5932A02AB8A3AF00156066 /* SettingsViewController.swift */,
			);
			path = Controllers;
			sourceTree = "<group>";
		};
		DE0F62992915B0EB004E45DF /* Resources */ = {
			isa = PBXGroup;
			children = (
				DEDCA9D52AA11F9C0045AC81 /* Fonts */,
				DE0F626F2915A6C4004E45DF /* Assets.xcassets */,
			);
			path = Resources;
			sourceTree = "<group>";
		};
		DE3BC8712A9E6718006F1036 /* View */ = {
			isa = PBXGroup;
			children = (
				DEE6C5C22A9F62E500E213D4 /* Storyboards */,
				DE3BC8742A9E6745006F1036 /* Xibs */,
			);
			path = View;
			sourceTree = "<group>";
		};
		DE3BC8742A9E6745006F1036 /* Xibs */ = {
			isa = PBXGroup;
			children = (
				DEE0EFA72AC06739000F71D1 /* FavouritesScreenXibs */,
				DEE0EFA82AC06750000F71D1 /* HistoryScreenXibs */,
				DEE0EFA92AC06767000F71D1 /* SettingsScreenXibs */,
			);
			path = Xibs;
			sourceTree = "<group>";
		};
		DE6359132AA4F21400A6E997 /* Model */ = {
			isa = PBXGroup;
			children = (
				DED425C62A9F0FAB00243A77 /* Favorites.swift */,
			);
			path = Model;
			sourceTree = "<group>";
		};
		DE6359142AA4F22200A6E997 /* ViewModel */ = {
			isa = PBXGroup;
			children = (
				DED425CD2A9F19D100243A77 /* FavoritesViewModel.swift */,
				DED765D12AAC3CB800F86F9D /* HistoryViewModel.swift */,
				DEE0EFAE2AC08238000F71D1 /* SettingsViewModel.swift */,
			);
			path = ViewModel;
			sourceTree = "<group>";
		};
		DE9467F0291A3D31005DBA32 /* Utils */ = {
			isa = PBXGroup;
			children = (
				DED425CB2A9F121D00243A77 /* Constants.swift */,
				DE0F629B2915B1D6004E45DF /* AppExtensions.swift */,
				DED425C42A9EE0E500243A77 /* SwipeView.swift */,
			);
			path = Utils;
			sourceTree = "<group>";
		};
		DED425C82A9F118B00243A77 /* Realm */ = {
			isa = PBXGroup;
			children = (
				DED425C92A9F11D400243A77 /* FavoritesRealm.swift */,
			);
			path = Realm;
			sourceTree = "<group>";
		};
		DEDCA9D52AA11F9C0045AC81 /* Fonts */ = {
			isa = PBXGroup;
			children = (
				DEDCA9DE2AA11FE90045AC81 /* Montserrat-Black.ttf */,
				DEDCA9DC2AA11FDC0045AC81 /* Montserrat-ExtraBold.ttf */,
				DEDCA9DA2AA11FD10045AC81 /* Montserrat-Bold.ttf */,
				DEDCA9D82AA11FC30045AC81 /* Montserrat-SemiBold.ttf */,
				DEDCA9D62AA11FB40045AC81 /* Montserrat-Regular.ttf */,
			);
			path = Fonts;
			sourceTree = "<group>";
		};
		DEE0EFA72AC06739000F71D1 /* FavouritesScreenXibs */ = {
			isa = PBXGroup;
			children = (
				DE9467EC291A1CAB005DBA32 /* FavouriteColorCollectionViewCell.swift */,
				DE9467ED291A1CAB005DBA32 /* FavouriteColorCollectionViewCell.xib */,
			);
			path = FavouritesScreenXibs;
			sourceTree = "<group>";
		};
		DEE0EFA82AC06750000F71D1 /* HistoryScreenXibs */ = {
			isa = PBXGroup;
			children = (
				DE6359182AA4F68D00A6E997 /* HistoryTableViewCell.xib */,
				DE6359172AA4F68D00A6E997 /* HistoryTableViewCell.swift */,
			);
			path = HistoryScreenXibs;
			sourceTree = "<group>";
		};
		DEE0EFA92AC06767000F71D1 /* SettingsScreenXibs */ = {
			isa = PBXGroup;
			children = (
				DEE0EFAA2AC0678C000F71D1 /* SettingsTableViewCell.swift */,
				DEE0EFAB2AC0678C000F71D1 /* SettingsTableViewCell.xib */,
			);
			path = SettingsScreenXibs;
			sourceTree = "<group>";
		};
		DEE6C5C22A9F62E500E213D4 /* Storyboards */ = {
			isa = PBXGroup;
			children = (
				DE0F62712915A6C4004E45DF /* LaunchScreen.storyboard */,
				DE0F626C2915A6C3004E45DF /* Main.storyboard */,
			);
			path = Storyboards;
			sourceTree = "<group>";
		};
/* End PBXGroup section */

/* Begin PBXNativeTarget section */
		DE0F62622915A6C3004E45DF /* Color Deck */ = {
			isa = PBXNativeTarget;
			buildConfigurationList = DE0F628D2915A6C4004E45DF /* Build configuration list for PBXNativeTarget "Color Deck" */;
			buildPhases = (
				F8353E327D9A7D3B7FAD621D /* [CP] Check Pods Manifest.lock */,
				DE0F625F2915A6C3004E45DF /* Sources */,
				DE0F62602915A6C3004E45DF /* Frameworks */,
				DE0F62612915A6C3004E45DF /* Resources */,
				8B7B8C824B75BA7B1163080B /* [CP] Embed Pods Frameworks */,
			);
			buildRules = (
			);
			dependencies = (
			);
			name = "Color Deck";
			productName = "Color Deck";
			productReference = DE0F62632915A6C3004E45DF /* Color Deck.app */;
			productType = "com.apple.product-type.application";
		};
		DE0F62782915A6C4004E45DF /* Color DeckTests */ = {
			isa = PBXNativeTarget;
			buildConfigurationList = DE0F62902915A6C4004E45DF /* Build configuration list for PBXNativeTarget "Color DeckTests" */;
			buildPhases = (
				CAD9738B986A44ED910C31B5 /* [CP] Check Pods Manifest.lock */,
				DE0F62752915A6C4004E45DF /* Sources */,
				DE0F62762915A6C4004E45DF /* Frameworks */,
				DE0F62772915A6C4004E45DF /* Resources */,
			);
			buildRules = (
			);
			dependencies = (
				DE0F627B2915A6C4004E45DF /* PBXTargetDependency */,
			);
			name = "Color DeckTests";
			productName = "Color DeckTests";
			productReference = DE0F62792915A6C4004E45DF /* Color DeckTests.xctest */;
			productType = "com.apple.product-type.bundle.unit-test";
		};
		DE0F62822915A6C4004E45DF /* Color DeckUITests */ = {
			isa = PBXNativeTarget;
			buildConfigurationList = DE0F62932915A6C4004E45DF /* Build configuration list for PBXNativeTarget "Color DeckUITests" */;
			buildPhases = (
				CADB5B051BBB70A7DBB377E9 /* [CP] Check Pods Manifest.lock */,
				DE0F627F2915A6C4004E45DF /* Sources */,
				DE0F62802915A6C4004E45DF /* Frameworks */,
				DE0F62812915A6C4004E45DF /* Resources */,
				A5BCEFA87881249B861B1C56 /* [CP] Embed Pods Frameworks */,
			);
			buildRules = (
			);
			dependencies = (
				DE0F62852915A6C4004E45DF /* PBXTargetDependency */,
			);
			name = "Color DeckUITests";
			productName = "Color DeckUITests";
			productReference = DE0F62832915A6C4004E45DF /* Color DeckUITests.xctest */;
			productType = "com.apple.product-type.bundle.ui-testing";
		};
/* End PBXNativeTarget section */

/* Begin PBXProject section */
		DE0F625B2915A6C3004E45DF /* Project object */ = {
			isa = PBXProject;
			attributes = {
				BuildIndependentTargetsInParallel = 1;
				LastSwiftUpdateCheck = 1410;
				LastUpgradeCheck = 1410;
				TargetAttributes = {
					DE0F62622915A6C3004E45DF = {
						CreatedOnToolsVersion = 14.1;
					};
					DE0F62782915A6C4004E45DF = {
						CreatedOnToolsVersion = 14.1;
						TestTargetID = DE0F62622915A6C3004E45DF;
					};
					DE0F62822915A6C4004E45DF = {
						CreatedOnToolsVersion = 14.1;
						TestTargetID = DE0F62622915A6C3004E45DF;
					};
				};
			};
			buildConfigurationList = DE0F625E2915A6C3004E45DF /* Build configuration list for PBXProject "Color Deck" */;
			compatibilityVersion = "Xcode 14.0";
			developmentRegion = en;
			hasScannedForEncodings = 0;
			knownRegions = (
				en,
				Base,
			);
			mainGroup = DE0F625A2915A6C3004E45DF;
			productRefGroup = DE0F62642915A6C3004E45DF /* Products */;
			projectDirPath = "";
			projectRoot = "";
			targets = (
				DE0F62622915A6C3004E45DF /* Color Deck */,
				DE0F62782915A6C4004E45DF /* Color DeckTests */,
				DE0F62822915A6C4004E45DF /* Color DeckUITests */,
			);
		};
/* End PBXProject section */

/* Begin PBXResourcesBuildPhase section */
		DE0F62612915A6C3004E45DF /* Resources */ = {
			isa = PBXResourcesBuildPhase;
			buildActionMask = 2147483647;
			files = (
				DEDCA9D92AA11FC30045AC81 /* Montserrat-SemiBold.ttf in Resources */,
				DE9467EF291A1CAB005DBA32 /* FavouriteColorCollectionViewCell.xib in Resources */,
				DE63591A2AA4F68D00A6E997 /* HistoryTableViewCell.xib in Resources */,
				DE0F62732915A6C4004E45DF /* LaunchScreen.storyboard in Resources */,
				DE0F62702915A6C4004E45DF /* Assets.xcassets in Resources */,
				DEDCA9D72AA11FB40045AC81 /* Montserrat-Regular.ttf in Resources */,
				DEE0EFAD2AC0678C000F71D1 /* SettingsTableViewCell.xib in Resources */,
				DEDCA9DD2AA11FDC0045AC81 /* Montserrat-ExtraBold.ttf in Resources */,
				DE88E97C2AA1432B0097C69F /* LaunchScreenIcon.png in Resources */,
				DE0F626E2915A6C3004E45DF /* Main.storyboard in Resources */,
				DEDCA9DB2AA11FD10045AC81 /* Montserrat-Bold.ttf in Resources */,
				DEDCA9DF2AA11FE90045AC81 /* Montserrat-Black.ttf in Resources */,
			);
			runOnlyForDeploymentPostprocessing = 0;
		};
		DE0F62772915A6C4004E45DF /* Resources */ = {
			isa = PBXResourcesBuildPhase;
			buildActionMask = 2147483647;
			files = (
			);
			runOnlyForDeploymentPostprocessing = 0;
		};
		DE0F62812915A6C4004E45DF /* Resources */ = {
			isa = PBXResourcesBuildPhase;
			buildActionMask = 2147483647;
			files = (
			);
			runOnlyForDeploymentPostprocessing = 0;
		};
/* End PBXResourcesBuildPhase section */

/* Begin PBXShellScriptBuildPhase section */
		8B7B8C824B75BA7B1163080B /* [CP] Embed Pods Frameworks */ = {
			isa = PBXShellScriptBuildPhase;
			buildActionMask = 2147483647;
			files = (
			);
			inputFileListPaths = (
				"${PODS_ROOT}/Target Support Files/Pods-Color Deck/Pods-Color Deck-frameworks-${CONFIGURATION}-input-files.xcfilelist",
			);
			name = "[CP] Embed Pods Frameworks";
			outputFileListPaths = (
				"${PODS_ROOT}/Target Support Files/Pods-Color Deck/Pods-Color Deck-frameworks-${CONFIGURATION}-output-files.xcfilelist",
			);
			runOnlyForDeploymentPostprocessing = 0;
			shellPath = /bin/sh;
			shellScript = "\"${PODS_ROOT}/Target Support Files/Pods-Color Deck/Pods-Color Deck-frameworks.sh\"\n";
			showEnvVarsInLog = 0;
		};
		A5BCEFA87881249B861B1C56 /* [CP] Embed Pods Frameworks */ = {
			isa = PBXShellScriptBuildPhase;
			buildActionMask = 2147483647;
			files = (
			);
			inputFileListPaths = (
				"${PODS_ROOT}/Target Support Files/Pods-Color Deck-Color DeckUITests/Pods-Color Deck-Color DeckUITests-frameworks-${CONFIGURATION}-input-files.xcfilelist",
			);
			name = "[CP] Embed Pods Frameworks";
			outputFileListPaths = (
				"${PODS_ROOT}/Target Support Files/Pods-Color Deck-Color DeckUITests/Pods-Color Deck-Color DeckUITests-frameworks-${CONFIGURATION}-output-files.xcfilelist",
			);
			runOnlyForDeploymentPostprocessing = 0;
			shellPath = /bin/sh;
			shellScript = "\"${PODS_ROOT}/Target Support Files/Pods-Color Deck-Color DeckUITests/Pods-Color Deck-Color DeckUITests-frameworks.sh\"\n";
			showEnvVarsInLog = 0;
		};
		CAD9738B986A44ED910C31B5 /* [CP] Check Pods Manifest.lock */ = {
			isa = PBXShellScriptBuildPhase;
			buildActionMask = 2147483647;
			files = (
			);
			inputFileListPaths = (
			);
			inputPaths = (
				"${PODS_PODFILE_DIR_PATH}/Podfile.lock",
				"${PODS_ROOT}/Manifest.lock",
			);
			name = "[CP] Check Pods Manifest.lock";
			outputFileListPaths = (
			);
			outputPaths = (
				"$(DERIVED_FILE_DIR)/Pods-Color DeckTests-checkManifestLockResult.txt",
			);
			runOnlyForDeploymentPostprocessing = 0;
			shellPath = /bin/sh;
			shellScript = "diff \"${PODS_PODFILE_DIR_PATH}/Podfile.lock\" \"${PODS_ROOT}/Manifest.lock\" > /dev/null\nif [ $? != 0 ] ; then\n    # print error to STDERR\n    echo \"error: The sandbox is not in sync with the Podfile.lock. Run 'pod install' or update your CocoaPods installation.\" >&2\n    exit 1\nfi\n# This output is used by Xcode 'outputs' to avoid re-running this script phase.\necho \"SUCCESS\" > \"${SCRIPT_OUTPUT_FILE_0}\"\n";
			showEnvVarsInLog = 0;
		};
		CADB5B051BBB70A7DBB377E9 /* [CP] Check Pods Manifest.lock */ = {
			isa = PBXShellScriptBuildPhase;
			buildActionMask = 2147483647;
			files = (
			);
			inputFileListPaths = (
			);
			inputPaths = (
				"${PODS_PODFILE_DIR_PATH}/Podfile.lock",
				"${PODS_ROOT}/Manifest.lock",
			);
			name = "[CP] Check Pods Manifest.lock";
			outputFileListPaths = (
			);
			outputPaths = (
				"$(DERIVED_FILE_DIR)/Pods-Color Deck-Color DeckUITests-checkManifestLockResult.txt",
			);
			runOnlyForDeploymentPostprocessing = 0;
			shellPath = /bin/sh;
			shellScript = "diff \"${PODS_PODFILE_DIR_PATH}/Podfile.lock\" \"${PODS_ROOT}/Manifest.lock\" > /dev/null\nif [ $? != 0 ] ; then\n    # print error to STDERR\n    echo \"error: The sandbox is not in sync with the Podfile.lock. Run 'pod install' or update your CocoaPods installation.\" >&2\n    exit 1\nfi\n# This output is used by Xcode 'outputs' to avoid re-running this script phase.\necho \"SUCCESS\" > \"${SCRIPT_OUTPUT_FILE_0}\"\n";
			showEnvVarsInLog = 0;
		};
		F8353E327D9A7D3B7FAD621D /* [CP] Check Pods Manifest.lock */ = {
			isa = PBXShellScriptBuildPhase;
			buildActionMask = 2147483647;
			files = (
			);
			inputFileListPaths = (
			);
			inputPaths = (
				"${PODS_PODFILE_DIR_PATH}/Podfile.lock",
				"${PODS_ROOT}/Manifest.lock",
			);
			name = "[CP] Check Pods Manifest.lock";
			outputFileListPaths = (
			);
			outputPaths = (
				"$(DERIVED_FILE_DIR)/Pods-Color Deck-checkManifestLockResult.txt",
			);
			runOnlyForDeploymentPostprocessing = 0;
			shellPath = /bin/sh;
			shellScript = "diff \"${PODS_PODFILE_DIR_PATH}/Podfile.lock\" \"${PODS_ROOT}/Manifest.lock\" > /dev/null\nif [ $? != 0 ] ; then\n    # print error to STDERR\n    echo \"error: The sandbox is not in sync with the Podfile.lock. Run 'pod install' or update your CocoaPods installation.\" >&2\n    exit 1\nfi\n# This output is used by Xcode 'outputs' to avoid re-running this script phase.\necho \"SUCCESS\" > \"${SCRIPT_OUTPUT_FILE_0}\"\n";
			showEnvVarsInLog = 0;
		};
/* End PBXShellScriptBuildPhase section */

/* Begin PBXSourcesBuildPhase section */
		DE0F625F2915A6C3004E45DF /* Sources */ = {
			isa = PBXSourcesBuildPhase;
			buildActionMask = 2147483647;
			files = (
				DE0F626B2915A6C3004E45DF /* ColorDeckViewController.swift in Sources */,
				DED425C52A9EE0E500243A77 /* SwipeView.swift in Sources */,
				DE6359192AA4F68D00A6E997 /* HistoryTableViewCell.swift in Sources */,
				DE0F62672915A6C3004E45DF /* AppDelegate.swift in Sources */,
				DE6359162AA4F3F500A6E997 /* HistoryViewController.swift in Sources */,
				DE9467EB291A16AD005DBA32 /* FavouriteColorViewController.swift in Sources */,
				DE0F62692915A6C3004E45DF /* SceneDelegate.swift in Sources */,
				DED425CA2A9F11D400243A77 /* FavoritesRealm.swift in Sources */,
				DEE0EFAF2AC08238000F71D1 /* SettingsViewModel.swift in Sources */,
				DE5932A12AB8A3AF00156066 /* SettingsViewController.swift in Sources */,
				DED425CC2A9F121D00243A77 /* Constants.swift in Sources */,
				DEE0EFAC2AC0678C000F71D1 /* SettingsTableViewCell.swift in Sources */,
				DED425CE2A9F19D100243A77 /* FavoritesViewModel.swift in Sources */,
				DED425C72A9F0FAB00243A77 /* Favorites.swift in Sources */,
				DE0F629C2915B1D6004E45DF /* AppExtensions.swift in Sources */,
				DE9467EE291A1CAB005DBA32 /* FavouriteColorCollectionViewCell.swift in Sources */,
				DED765D22AAC3CB800F86F9D /* HistoryViewModel.swift in Sources */,
			);
			runOnlyForDeploymentPostprocessing = 0;
		};
		DE0F62752915A6C4004E45DF /* Sources */ = {
			isa = PBXSourcesBuildPhase;
			buildActionMask = 2147483647;
			files = (
				DE0F627E2915A6C4004E45DF /* Color_DeckTests.swift in Sources */,
			);
			runOnlyForDeploymentPostprocessing = 0;
		};
		DE0F627F2915A6C4004E45DF /* Sources */ = {
			isa = PBXSourcesBuildPhase;
			buildActionMask = 2147483647;
			files = (
				DE0F62882915A6C4004E45DF /* Color_DeckUITests.swift in Sources */,
				DE0F628A2915A6C4004E45DF /* Color_DeckUITestsLaunchTests.swift in Sources */,
			);
			runOnlyForDeploymentPostprocessing = 0;
		};
/* End PBXSourcesBuildPhase section */

/* Begin PBXTargetDependency section */
		DE0F627B2915A6C4004E45DF /* PBXTargetDependency */ = {
			isa = PBXTargetDependency;
			target = DE0F62622915A6C3004E45DF /* Color Deck */;
			targetProxy = DE0F627A2915A6C4004E45DF /* PBXContainerItemProxy */;
		};
		DE0F62852915A6C4004E45DF /* PBXTargetDependency */ = {
			isa = PBXTargetDependency;
			target = DE0F62622915A6C3004E45DF /* Color Deck */;
			targetProxy = DE0F62842915A6C4004E45DF /* PBXContainerItemProxy */;
		};
/* End PBXTargetDependency section */

/* Begin PBXVariantGroup section */
		DE0F626C2915A6C3004E45DF /* Main.storyboard */ = {
			isa = PBXVariantGroup;
			children = (
				DE0F626D2915A6C3004E45DF /* Base */,
			);
			name = Main.storyboard;
			sourceTree = "<group>";
		};
		DE0F62712915A6C4004E45DF /* LaunchScreen.storyboard */ = {
			isa = PBXVariantGroup;
			children = (
				DE0F62722915A6C4004E45DF /* Base */,
			);
			name = LaunchScreen.storyboard;
			sourceTree = "<group>";
		};
/* End PBXVariantGroup section */

/* Begin XCBuildConfiguration section */
		DE0F628B2915A6C4004E45DF /* Debug */ = {
			isa = XCBuildConfiguration;
			buildSettings = {
				ALWAYS_SEARCH_USER_PATHS = NO;
				CLANG_ANALYZER_NONNULL = YES;
				CLANG_ANALYZER_NUMBER_OBJECT_CONVERSION = YES_AGGRESSIVE;
				CLANG_CXX_LANGUAGE_STANDARD = "gnu++20";
				CLANG_ENABLE_MODULES = YES;
				CLANG_ENABLE_OBJC_ARC = YES;
				CLANG_ENABLE_OBJC_WEAK = YES;
				CLANG_WARN_BLOCK_CAPTURE_AUTORELEASING = YES;
				CLANG_WARN_BOOL_CONVERSION = YES;
				CLANG_WARN_COMMA = YES;
				CLANG_WARN_CONSTANT_CONVERSION = YES;
				CLANG_WARN_DEPRECATED_OBJC_IMPLEMENTATIONS = YES;
				CLANG_WARN_DIRECT_OBJC_ISA_USAGE = YES_ERROR;
				CLANG_WARN_DOCUMENTATION_COMMENTS = YES;
				CLANG_WARN_EMPTY_BODY = YES;
				CLANG_WARN_ENUM_CONVERSION = YES;
				CLANG_WARN_INFINITE_RECURSION = YES;
				CLANG_WARN_INT_CONVERSION = YES;
				CLANG_WARN_NON_LITERAL_NULL_CONVERSION = YES;
				CLANG_WARN_OBJC_IMPLICIT_RETAIN_SELF = YES;
				CLANG_WARN_OBJC_LITERAL_CONVERSION = YES;
				CLANG_WARN_OBJC_ROOT_CLASS = YES_ERROR;
				CLANG_WARN_QUOTED_INCLUDE_IN_FRAMEWORK_HEADER = YES;
				CLANG_WARN_RANGE_LOOP_ANALYSIS = YES;
				CLANG_WARN_STRICT_PROTOTYPES = YES;
				CLANG_WARN_SUSPICIOUS_MOVE = YES;
				CLANG_WARN_UNGUARDED_AVAILABILITY = YES_AGGRESSIVE;
				CLANG_WARN_UNREACHABLE_CODE = YES;
				CLANG_WARN__DUPLICATE_METHOD_MATCH = YES;
				COPY_PHASE_STRIP = NO;
				DEBUG_INFORMATION_FORMAT = dwarf;
				ENABLE_STRICT_OBJC_MSGSEND = YES;
				ENABLE_TESTABILITY = YES;
				GCC_C_LANGUAGE_STANDARD = gnu11;
				GCC_DYNAMIC_NO_PIC = NO;
				GCC_NO_COMMON_BLOCKS = YES;
				GCC_OPTIMIZATION_LEVEL = 0;
				GCC_PREPROCESSOR_DEFINITIONS = (
					"DEBUG=1",
					"$(inherited)",
				);
				GCC_WARN_64_TO_32_BIT_CONVERSION = YES;
				GCC_WARN_ABOUT_RETURN_TYPE = YES_ERROR;
				GCC_WARN_UNDECLARED_SELECTOR = YES;
				GCC_WARN_UNINITIALIZED_AUTOS = YES_AGGRESSIVE;
				GCC_WARN_UNUSED_FUNCTION = YES;
				GCC_WARN_UNUSED_VARIABLE = YES;
				IPHONEOS_DEPLOYMENT_TARGET = 14.0;
				MTL_ENABLE_DEBUG_INFO = INCLUDE_SOURCE;
				MTL_FAST_MATH = YES;
				ONLY_ACTIVE_ARCH = YES;
				SDKROOT = iphoneos;
				SWIFT_ACTIVE_COMPILATION_CONDITIONS = DEBUG;
				SWIFT_OPTIMIZATION_LEVEL = "-Onone";
			};
			name = Debug;
		};
		DE0F628C2915A6C4004E45DF /* Release */ = {
			isa = XCBuildConfiguration;
			buildSettings = {
				ALWAYS_SEARCH_USER_PATHS = NO;
				CLANG_ANALYZER_NONNULL = YES;
				CLANG_ANALYZER_NUMBER_OBJECT_CONVERSION = YES_AGGRESSIVE;
				CLANG_CXX_LANGUAGE_STANDARD = "gnu++20";
				CLANG_ENABLE_MODULES = YES;
				CLANG_ENABLE_OBJC_ARC = YES;
				CLANG_ENABLE_OBJC_WEAK = YES;
				CLANG_WARN_BLOCK_CAPTURE_AUTORELEASING = YES;
				CLANG_WARN_BOOL_CONVERSION = YES;
				CLANG_WARN_COMMA = YES;
				CLANG_WARN_CONSTANT_CONVERSION = YES;
				CLANG_WARN_DEPRECATED_OBJC_IMPLEMENTATIONS = YES;
				CLANG_WARN_DIRECT_OBJC_ISA_USAGE = YES_ERROR;
				CLANG_WARN_DOCUMENTATION_COMMENTS = YES;
				CLANG_WARN_EMPTY_BODY = YES;
				CLANG_WARN_ENUM_CONVERSION = YES;
				CLANG_WARN_INFINITE_RECURSION = YES;
				CLANG_WARN_INT_CONVERSION = YES;
				CLANG_WARN_NON_LITERAL_NULL_CONVERSION = YES;
				CLANG_WARN_OBJC_IMPLICIT_RETAIN_SELF = YES;
				CLANG_WARN_OBJC_LITERAL_CONVERSION = YES;
				CLANG_WARN_OBJC_ROOT_CLASS = YES_ERROR;
				CLANG_WARN_QUOTED_INCLUDE_IN_FRAMEWORK_HEADER = YES;
				CLANG_WARN_RANGE_LOOP_ANALYSIS = YES;
				CLANG_WARN_STRICT_PROTOTYPES = YES;
				CLANG_WARN_SUSPICIOUS_MOVE = YES;
				CLANG_WARN_UNGUARDED_AVAILABILITY = YES_AGGRESSIVE;
				CLANG_WARN_UNREACHABLE_CODE = YES;
				CLANG_WARN__DUPLICATE_METHOD_MATCH = YES;
				COPY_PHASE_STRIP = NO;
				DEBUG_INFORMATION_FORMAT = "dwarf-with-dsym";
				ENABLE_NS_ASSERTIONS = NO;
				ENABLE_STRICT_OBJC_MSGSEND = YES;
				GCC_C_LANGUAGE_STANDARD = gnu11;
				GCC_NO_COMMON_BLOCKS = YES;
				GCC_WARN_64_TO_32_BIT_CONVERSION = YES;
				GCC_WARN_ABOUT_RETURN_TYPE = YES_ERROR;
				GCC_WARN_UNDECLARED_SELECTOR = YES;
				GCC_WARN_UNINITIALIZED_AUTOS = YES_AGGRESSIVE;
				GCC_WARN_UNUSED_FUNCTION = YES;
				GCC_WARN_UNUSED_VARIABLE = YES;
				IPHONEOS_DEPLOYMENT_TARGET = 14.0;
				MTL_ENABLE_DEBUG_INFO = NO;
				MTL_FAST_MATH = YES;
				SDKROOT = iphoneos;
				SWIFT_COMPILATION_MODE = wholemodule;
				SWIFT_OPTIMIZATION_LEVEL = "-O";
				VALIDATE_PRODUCT = YES;
			};
			name = Release;
		};
		DE0F628E2915A6C4004E45DF /* Debug */ = {
			isa = XCBuildConfiguration;
			baseConfigurationReference = 16ABE63B706A442AC975B499 /* Pods-Color Deck.debug.xcconfig */;
			buildSettings = {
				ASSETCATALOG_COMPILER_APPICON_NAME = AppIcon;
				ASSETCATALOG_COMPILER_GLOBAL_ACCENT_COLOR_NAME = AccentColor;
				CODE_SIGN_STYLE = Automatic;
				CURRENT_PROJECT_VERSION = 18092023;
				DEVELOPMENT_TEAM = WD28M49YQQ;
				GENERATE_INFOPLIST_FILE = YES;
				INFOPLIST_FILE = "Color Deck/Info.plist";
				INFOPLIST_KEY_CFBundleDisplayName = "Color Deck";
				INFOPLIST_KEY_LSApplicationCategoryType = "public.app-category.graphics-design";
				INFOPLIST_KEY_UIApplicationSupportsIndirectInputEvents = YES;
				INFOPLIST_KEY_UILaunchStoryboardName = LaunchScreen;
				INFOPLIST_KEY_UIMainStoryboardFile = Main;
				INFOPLIST_KEY_UISupportedInterfaceOrientations = UIInterfaceOrientationPortrait;
				INFOPLIST_KEY_UISupportedInterfaceOrientations_iPad = "UIInterfaceOrientationLandscapeLeft UIInterfaceOrientationLandscapeRight UIInterfaceOrientationPortrait UIInterfaceOrientationPortraitUpsideDown";
				LD_RUNPATH_SEARCH_PATHS = (
					"$(inherited)",
					"@executable_path/Frameworks",
				);
				MARKETING_VERSION = 1.2;
				PRODUCT_BUNDLE_IDENTIFIER = "com.ArjunMohan.Color-Deck";
				PRODUCT_NAME = "$(TARGET_NAME)";
				SWIFT_EMIT_LOC_STRINGS = YES;
				SWIFT_VERSION = 5.0;
				TARGETED_DEVICE_FAMILY = "1,2";
			};
			name = Debug;
		};
		DE0F628F2915A6C4004E45DF /* Release */ = {
			isa = XCBuildConfiguration;
			baseConfigurationReference = ED3C15FA2070572B286EC743 /* Pods-Color Deck.release.xcconfig */;
			buildSettings = {
				ASSETCATALOG_COMPILER_APPICON_NAME = AppIcon;
				ASSETCATALOG_COMPILER_GLOBAL_ACCENT_COLOR_NAME = AccentColor;
				CODE_SIGN_STYLE = Automatic;
				CURRENT_PROJECT_VERSION = 18092023;
				DEVELOPMENT_TEAM = WD28M49YQQ;
				GENERATE_INFOPLIST_FILE = YES;
				INFOPLIST_FILE = "Color Deck/Info.plist";
				INFOPLIST_KEY_CFBundleDisplayName = "Color Deck";
				INFOPLIST_KEY_LSApplicationCategoryType = "public.app-category.graphics-design";
				INFOPLIST_KEY_UIApplicationSupportsIndirectInputEvents = YES;
				INFOPLIST_KEY_UILaunchStoryboardName = LaunchScreen;
				INFOPLIST_KEY_UIMainStoryboardFile = Main;
				INFOPLIST_KEY_UISupportedInterfaceOrientations = UIInterfaceOrientationPortrait;
				INFOPLIST_KEY_UISupportedInterfaceOrientations_iPad = "UIInterfaceOrientationLandscapeLeft UIInterfaceOrientationLandscapeRight UIInterfaceOrientationPortrait UIInterfaceOrientationPortraitUpsideDown";
				LD_RUNPATH_SEARCH_PATHS = (
					"$(inherited)",
					"@executable_path/Frameworks",
				);
				MARKETING_VERSION = 1.2;
				PRODUCT_BUNDLE_IDENTIFIER = "com.ArjunMohan.Color-Deck";
				PRODUCT_NAME = "$(TARGET_NAME)";
				SWIFT_EMIT_LOC_STRINGS = YES;
				SWIFT_VERSION = 5.0;
				TARGETED_DEVICE_FAMILY = "1,2";
			};
			name = Release;
		};
		DE0F62912915A6C4004E45DF /* Debug */ = {
			isa = XCBuildConfiguration;
			baseConfigurationReference = 63F3210927B87369C2B4F5BA /* Pods-Color DeckTests.debug.xcconfig */;
			buildSettings = {
				ALWAYS_EMBED_SWIFT_STANDARD_LIBRARIES = YES;
				BUNDLE_LOADER = "$(TEST_HOST)";
				CODE_SIGN_STYLE = Automatic;
				CURRENT_PROJECT_VERSION = 1;
				DEVELOPMENT_TEAM = WD28M49YQQ;
				GENERATE_INFOPLIST_FILE = YES;
				IPHONEOS_DEPLOYMENT_TARGET = 16.1;
				MARKETING_VERSION = 1.0;
				PRODUCT_BUNDLE_IDENTIFIER = "com.ArjunMohan.Color-DeckTests";
				PRODUCT_NAME = "$(TARGET_NAME)";
				SWIFT_EMIT_LOC_STRINGS = NO;
				SWIFT_VERSION = 5.0;
				TARGETED_DEVICE_FAMILY = "1,2";
				TEST_HOST = "$(BUILT_PRODUCTS_DIR)/Color Deck.app/$(BUNDLE_EXECUTABLE_FOLDER_PATH)/Color Deck";
			};
			name = Debug;
		};
		DE0F62922915A6C4004E45DF /* Release */ = {
			isa = XCBuildConfiguration;
			baseConfigurationReference = A0954A47928D650A53C5BEC0 /* Pods-Color DeckTests.release.xcconfig */;
			buildSettings = {
				ALWAYS_EMBED_SWIFT_STANDARD_LIBRARIES = YES;
				BUNDLE_LOADER = "$(TEST_HOST)";
				CODE_SIGN_STYLE = Automatic;
				CURRENT_PROJECT_VERSION = 1;
				DEVELOPMENT_TEAM = WD28M49YQQ;
				GENERATE_INFOPLIST_FILE = YES;
				IPHONEOS_DEPLOYMENT_TARGET = 16.1;
				MARKETING_VERSION = 1.0;
				PRODUCT_BUNDLE_IDENTIFIER = "com.ArjunMohan.Color-DeckTests";
				PRODUCT_NAME = "$(TARGET_NAME)";
				SWIFT_EMIT_LOC_STRINGS = NO;
				SWIFT_VERSION = 5.0;
				TARGETED_DEVICE_FAMILY = "1,2";
				TEST_HOST = "$(BUILT_PRODUCTS_DIR)/Color Deck.app/$(BUNDLE_EXECUTABLE_FOLDER_PATH)/Color Deck";
			};
			name = Release;
		};
		DE0F62942915A6C4004E45DF /* Debug */ = {
			isa = XCBuildConfiguration;
			baseConfigurationReference = 79C1428AE1F8C923C15E172D /* Pods-Color Deck-Color DeckUITests.debug.xcconfig */;
			buildSettings = {
				ALWAYS_EMBED_SWIFT_STANDARD_LIBRARIES = YES;
				CODE_SIGN_STYLE = Automatic;
				CURRENT_PROJECT_VERSION = 1;
				DEVELOPMENT_TEAM = WD28M49YQQ;
				GENERATE_INFOPLIST_FILE = YES;
				MARKETING_VERSION = 1.0;
				PRODUCT_BUNDLE_IDENTIFIER = "com.ArjunMohan.Color-DeckUITests";
				PRODUCT_NAME = "$(TARGET_NAME)";
				SWIFT_EMIT_LOC_STRINGS = NO;
				SWIFT_VERSION = 5.0;
				TARGETED_DEVICE_FAMILY = "1,2";
				TEST_TARGET_NAME = "Color Deck";
			};
			name = Debug;
		};
		DE0F62952915A6C4004E45DF /* Release */ = {
			isa = XCBuildConfiguration;
			baseConfigurationReference = D62FEEB35C60E0033ACBEFA4 /* Pods-Color Deck-Color DeckUITests.release.xcconfig */;
			buildSettings = {
				ALWAYS_EMBED_SWIFT_STANDARD_LIBRARIES = YES;
				CODE_SIGN_STYLE = Automatic;
				CURRENT_PROJECT_VERSION = 1;
				DEVELOPMENT_TEAM = WD28M49YQQ;
				GENERATE_INFOPLIST_FILE = YES;
				MARKETING_VERSION = 1.0;
				PRODUCT_BUNDLE_IDENTIFIER = "com.ArjunMohan.Color-DeckUITests";
				PRODUCT_NAME = "$(TARGET_NAME)";
				SWIFT_EMIT_LOC_STRINGS = NO;
				SWIFT_VERSION = 5.0;
				TARGETED_DEVICE_FAMILY = "1,2";
				TEST_TARGET_NAME = "Color Deck";
			};
			name = Release;
		};
/* End XCBuildConfiguration section */

/* Begin XCConfigurationList section */
		DE0F625E2915A6C3004E45DF /* Build configuration list for PBXProject "Color Deck" */ = {
			isa = XCConfigurationList;
			buildConfigurations = (
				DE0F628B2915A6C4004E45DF /* Debug */,
				DE0F628C2915A6C4004E45DF /* Release */,
			);
			defaultConfigurationIsVisible = 0;
			defaultConfigurationName = Release;
		};
		DE0F628D2915A6C4004E45DF /* Build configuration list for PBXNativeTarget "Color Deck" */ = {
			isa = XCConfigurationList;
			buildConfigurations = (
				DE0F628E2915A6C4004E45DF /* Debug */,
				DE0F628F2915A6C4004E45DF /* Release */,
			);
			defaultConfigurationIsVisible = 0;
			defaultConfigurationName = Release;
		};
		DE0F62902915A6C4004E45DF /* Build configuration list for PBXNativeTarget "Color DeckTests" */ = {
			isa = XCConfigurationList;
			buildConfigurations = (
				DE0F62912915A6C4004E45DF /* Debug */,
				DE0F62922915A6C4004E45DF /* Release */,
			);
			defaultConfigurationIsVisible = 0;
			defaultConfigurationName = Release;
		};
		DE0F62932915A6C4004E45DF /* Build configuration list for PBXNativeTarget "Color DeckUITests" */ = {
			isa = XCConfigurationList;
			buildConfigurations = (
				DE0F62942915A6C4004E45DF /* Debug */,
				DE0F62952915A6C4004E45DF /* Release */,
			);
			defaultConfigurationIsVisible = 0;
			defaultConfigurationName = Release;
		};
/* End XCConfigurationList section */
	};
	rootObject = DE0F625B2915A6C3004E45DF /* Project object */;
}
